
Microsoft Visual Studio Solution File, Format Version 12.00
# Visual Studio Version 16
VisualStudioVersion = 16.0.32002.261
MinimumVisualStudioVersion = 10.0.40219.1
Project("{FAE04EC0-301F-11D3-BF4B-00C04F79EFBC}") = "WpfApp3", "WpfApp3\WpfApp3.csproj", "{EA72406D-B475-479B-A0F4-4DA9B4BD8A2E}"
EndProject
Global
	GlobalSection(SolutionConfigurationPlatforms) = preSolution
		Debug|Any CPU = Debug|Any CPU
		Release|Any CPU = Release|Any CPU
	EndGlobalSection
	GlobalSection(ProjectConfigurationPlatforms) = postSolution
		{EA72406D-B475-479B-A0F4-4DA9B4BD8A2E}.Debug|Any CPU.ActiveCfg = Debug|Any CPU
		{EA72406D-B475-479B-A0F4-4DA9B4BD8A2E}.Debug|Any CPU.Build.0 = Debug|Any CPU
		{EA72406D-B475-479B-A0F4-4DA9B4BD8A2E}.Release|Any CPU.ActiveCfg = Release|Any CPU
		{EA72406D-B475-479B-A0F4-4DA9B4BD8A2E}.Release|Any CPU.Build.0 = Release|Any CPU
	EndGlobalSection
	GlobalSection(SolutionProperties) = preSolution
		HideSolutionNode = FALSE
	EndGlobalSection
	GlobalSection(ExtensibilityGlobals) = postSolution
		SolutionGuid = {8E2202E5-5617-4BC4-83C0-BB7467E1C9D5}
	EndGlobalSection
EndGlobal
